// !$*UTF8*$!
{
	archiveVersion = 1;
	classes = {
	};
	objectVersion = 51;
	objects = {

/* Begin PBXBuildFile section */
		2ED224E8925D37CA2517FB8E /* Pods_MyFeedbackTests.framework in Frameworks */ = {isa = PBXBuildFile; fileRef = 177F898B407048850AFF21EB /* Pods_MyFeedbackTests.framework */; };
		4B01B05A23E8663E00BD33CD /* AppDelegate.swift in Sources */ = {isa = PBXBuildFile; fileRef = 4B01B05923E8663E00BD33CD /* AppDelegate.swift */; };
		4B01B05C23E8663E00BD33CD /* SceneDelegate.swift in Sources */ = {isa = PBXBuildFile; fileRef = 4B01B05B23E8663E00BD33CD /* SceneDelegate.swift */; };
		4B01B06023E8663E00BD33CD /* ProfileViewController.swift in Sources */ = {isa = PBXBuildFile; fileRef = 4B01B05F23E8663E00BD33CD /* ProfileViewController.swift */; };
		4B01B06323E8663E00BD33CD /* Main.storyboard in Resources */ = {isa = PBXBuildFile; fileRef = 4B01B06123E8663E00BD33CD /* Main.storyboard */; };
		4B01B06623E8663E00BD33CD /* MyFeedback.xcdatamodeld in Sources */ = {isa = PBXBuildFile; fileRef = 4B01B06423E8663E00BD33CD /* MyFeedback.xcdatamodeld */; };
		4B01B06823E8664200BD33CD /* Assets.xcassets in Resources */ = {isa = PBXBuildFile; fileRef = 4B01B06723E8664200BD33CD /* Assets.xcassets */; };
		4B01B06B23E8664200BD33CD /* LaunchScreen.storyboard in Resources */ = {isa = PBXBuildFile; fileRef = 4B01B06923E8664200BD33CD /* LaunchScreen.storyboard */; };
		4B01B07623E8664200BD33CD /* MyFeedbackTests.swift in Sources */ = {isa = PBXBuildFile; fileRef = 4B01B07523E8664200BD33CD /* MyFeedbackTests.swift */; };
		4B01B08123E8664200BD33CD /* MyFeedbackUITests.swift in Sources */ = {isa = PBXBuildFile; fileRef = 4B01B08023E8664200BD33CD /* MyFeedbackUITests.swift */; };
		4B0C5EBA23E9CE4600660781 /* User+CoreDataClass.swift in Sources */ = {isa = PBXBuildFile; fileRef = 4B0C5EB823E9CE4600660781 /* User+CoreDataClass.swift */; };
		4B0C5EBB23E9CE4600660781 /* User+CoreDataProperties.swift in Sources */ = {isa = PBXBuildFile; fileRef = 4B0C5EB923E9CE4600660781 /* User+CoreDataProperties.swift */; };
		4B0C5EBD23E9E6CF00660781 /* MainViewController.swift in Sources */ = {isa = PBXBuildFile; fileRef = 4B0C5EBC23E9E6CF00660781 /* MainViewController.swift */; };
		4B2426A323E9894000884573 /* EditProfileViewController.swift in Sources */ = {isa = PBXBuildFile; fileRef = 4B2426A223E9894000884573 /* EditProfileViewController.swift */; };
		4B2426A523E98B7300884573 /* SurveysTableViewController.swift in Sources */ = {isa = PBXBuildFile; fileRef = 4B2426A423E98B7300884573 /* SurveysTableViewController.swift */; };
		4B2426A723E98BB800884573 /* ResponsesTableViewController.swift in Sources */ = {isa = PBXBuildFile; fileRef = 4B2426A623E98BB800884573 /* ResponsesTableViewController.swift */; };
		4B2426A923E98C5300884573 /* EditResponseViewController.swift in Sources */ = {isa = PBXBuildFile; fileRef = 4B2426A823E98C5300884573 /* EditResponseViewController.swift */; };
		4B3285D923EB1A4000481A96 /* SurveyTableViewCell.swift in Sources */ = {isa = PBXBuildFile; fileRef = 4B3285D823EB1A4000481A96 /* SurveyTableViewCell.swift */; };
		4B3285DB23EB1A5F00481A96 /* ResponseTableViewCell.swift in Sources */ = {isa = PBXBuildFile; fileRef = 4B3285DA23EB1A5F00481A96 /* ResponseTableViewCell.swift */; };
		4B3285E123EB1BCD00481A96 /* CustomQuery+CoreDataClass.swift in Sources */ = {isa = PBXBuildFile; fileRef = 4B3285DF23EB1BCD00481A96 /* CustomQuery+CoreDataClass.swift */; };
		4B3285E423EB250000481A96 /* CustomQuery+CoreDataProperties.swift in Sources */ = {isa = PBXBuildFile; fileRef = 4B3285E323EB250000481A96 /* CustomQuery+CoreDataProperties.swift */; };
		4BA403F523EC8FF900ED41E6 /* ReachabilityObserverDelegate.swift in Sources */ = {isa = PBXBuildFile; fileRef = 4BA403F423EC8FF900ED41E6 /* ReachabilityObserverDelegate.swift */; };
		4BD3830323EC15EB0041C702 /* SurveyRepo.swift in Sources */ = {isa = PBXBuildFile; fileRef = 4BD3830223EC15EB0041C702 /* SurveyRepo.swift */; };
		4BD3830523EC1C420041C702 /* Constants.swift in Sources */ = {isa = PBXBuildFile; fileRef = 4BD3830423EC1C420041C702 /* Constants.swift */; };
		4BD3830723EC3F470041C702 /* RxAlamofireTests.swift in Sources */ = {isa = PBXBuildFile; fileRef = 4BD3830623EC3F470041C702 /* RxAlamofireTests.swift */; };
		4BD3830A23EC42D70041C702 /* Response.swift in Sources */ = {isa = PBXBuildFile; fileRef = 4BD3830923EC42D70041C702 /* Response.swift */; };
		8B2D32D2E1C2CDFD749F9D3F /* Pods_MyFeedback_MyFeedbackUITests.framework in Frameworks */ = {isa = PBXBuildFile; fileRef = 6212FE8D4C8BBC7DE76AD8C3 /* Pods_MyFeedback_MyFeedbackUITests.framework */; };
		EED37E319A3CAF082561EC82 /* Pods_MyFeedback.framework in Frameworks */ = {isa = PBXBuildFile; fileRef = 1EE5718666C7F6F547CA5D82 /* Pods_MyFeedback.framework */; };
/* End PBXBuildFile section */

/* Begin PBXContainerItemProxy section */
		4B01B07223E8664200BD33CD /* PBXContainerItemProxy */ = {
			isa = PBXContainerItemProxy;
			containerPortal = 4B01B04E23E8663E00BD33CD /* Project object */;
			proxyType = 1;
			remoteGlobalIDString = 4B01B05523E8663E00BD33CD;
			remoteInfo = MyFeedback;
		};
		4B01B07D23E8664200BD33CD /* PBXContainerItemProxy */ = {
			isa = PBXContainerItemProxy;
			containerPortal = 4B01B04E23E8663E00BD33CD /* Project object */;
			proxyType = 1;
			remoteGlobalIDString = 4B01B05523E8663E00BD33CD;
			remoteInfo = MyFeedback;
		};
/* End PBXContainerItemProxy section */

/* Begin PBXFileReference section */
		019435C25BCB3D2AEB918052 /* Pods-MyFeedback-MyFeedbackUITests.release.xcconfig */ = {isa = PBXFileReference; includeInIndex = 1; lastKnownFileType = text.xcconfig; name = "Pods-MyFeedback-MyFeedbackUITests.release.xcconfig"; path = "Target Support Files/Pods-MyFeedback-MyFeedbackUITests/Pods-MyFeedback-MyFeedbackUITests.release.xcconfig"; sourceTree = "<group>"; };
		177F898B407048850AFF21EB /* Pods_MyFeedbackTests.framework */ = {isa = PBXFileReference; explicitFileType = wrapper.framework; includeInIndex = 0; path = Pods_MyFeedbackTests.framework; sourceTree = BUILT_PRODUCTS_DIR; };
		1EE5718666C7F6F547CA5D82 /* Pods_MyFeedback.framework */ = {isa = PBXFileReference; explicitFileType = wrapper.framework; includeInIndex = 0; path = Pods_MyFeedback.framework; sourceTree = BUILT_PRODUCTS_DIR; };
		29B974E64A3D072D9240DC52 /* Pods-MyFeedback-MyFeedbackUITests.debug.xcconfig */ = {isa = PBXFileReference; includeInIndex = 1; lastKnownFileType = text.xcconfig; name = "Pods-MyFeedback-MyFeedbackUITests.debug.xcconfig"; path = "Target Support Files/Pods-MyFeedback-MyFeedbackUITests/Pods-MyFeedback-MyFeedbackUITests.debug.xcconfig"; sourceTree = "<group>"; };
		2BF9202D9D142B554E24FB34 /* Pods-MyFeedbackTests.debug.xcconfig */ = {isa = PBXFileReference; includeInIndex = 1; lastKnownFileType = text.xcconfig; name = "Pods-MyFeedbackTests.debug.xcconfig"; path = "Target Support Files/Pods-MyFeedbackTests/Pods-MyFeedbackTests.debug.xcconfig"; sourceTree = "<group>"; };
		4B01B05623E8663E00BD33CD /* MyFeedback.app */ = {isa = PBXFileReference; explicitFileType = wrapper.application; includeInIndex = 0; path = MyFeedback.app; sourceTree = BUILT_PRODUCTS_DIR; };
		4B01B05923E8663E00BD33CD /* AppDelegate.swift */ = {isa = PBXFileReference; lastKnownFileType = sourcecode.swift; path = AppDelegate.swift; sourceTree = "<group>"; };
		4B01B05B23E8663E00BD33CD /* SceneDelegate.swift */ = {isa = PBXFileReference; lastKnownFileType = sourcecode.swift; path = SceneDelegate.swift; sourceTree = "<group>"; };
		4B01B05F23E8663E00BD33CD /* ProfileViewController.swift */ = {isa = PBXFileReference; lastKnownFileType = sourcecode.swift; path = ProfileViewController.swift; sourceTree = "<group>"; };
		4B01B06223E8663E00BD33CD /* Base */ = {isa = PBXFileReference; lastKnownFileType = file.storyboard; name = Base; path = Base.lproj/Main.storyboard; sourceTree = "<group>"; };
		4B01B06523E8663E00BD33CD /* MyFeedback.xcdatamodel */ = {isa = PBXFileReference; lastKnownFileType = wrapper.xcdatamodel; path = MyFeedback.xcdatamodel; sourceTree = "<group>"; };
		4B01B06723E8664200BD33CD /* Assets.xcassets */ = {isa = PBXFileReference; lastKnownFileType = folder.assetcatalog; path = Assets.xcassets; sourceTree = "<group>"; };
		4B01B06A23E8664200BD33CD /* Base */ = {isa = PBXFileReference; lastKnownFileType = file.storyboard; name = Base; path = Base.lproj/LaunchScreen.storyboard; sourceTree = "<group>"; };
		4B01B06C23E8664200BD33CD /* Info.plist */ = {isa = PBXFileReference; lastKnownFileType = text.plist.xml; path = Info.plist; sourceTree = "<group>"; };
		4B01B07123E8664200BD33CD /* MyFeedbackTests.xctest */ = {isa = PBXFileReference; explicitFileType = wrapper.cfbundle; includeInIndex = 0; path = MyFeedbackTests.xctest; sourceTree = BUILT_PRODUCTS_DIR; };
		4B01B07523E8664200BD33CD /* MyFeedbackTests.swift */ = {isa = PBXFileReference; lastKnownFileType = sourcecode.swift; path = MyFeedbackTests.swift; sourceTree = "<group>"; };
		4B01B07723E8664200BD33CD /* Info.plist */ = {isa = PBXFileReference; lastKnownFileType = text.plist.xml; path = Info.plist; sourceTree = "<group>"; };
		4B01B07C23E8664200BD33CD /* MyFeedbackUITests.xctest */ = {isa = PBXFileReference; explicitFileType = wrapper.cfbundle; includeInIndex = 0; path = MyFeedbackUITests.xctest; sourceTree = BUILT_PRODUCTS_DIR; };
		4B01B08023E8664200BD33CD /* MyFeedbackUITests.swift */ = {isa = PBXFileReference; lastKnownFileType = sourcecode.swift; path = MyFeedbackUITests.swift; sourceTree = "<group>"; };
		4B01B08223E8664300BD33CD /* Info.plist */ = {isa = PBXFileReference; lastKnownFileType = text.plist.xml; path = Info.plist; sourceTree = "<group>"; };
		4B0C5EB823E9CE4600660781 /* User+CoreDataClass.swift */ = {isa = PBXFileReference; lastKnownFileType = sourcecode.swift; path = "User+CoreDataClass.swift"; sourceTree = "<group>"; };
		4B0C5EB923E9CE4600660781 /* User+CoreDataProperties.swift */ = {isa = PBXFileReference; lastKnownFileType = sourcecode.swift; path = "User+CoreDataProperties.swift"; sourceTree = "<group>"; };
		4B0C5EBC23E9E6CF00660781 /* MainViewController.swift */ = {isa = PBXFileReference; lastKnownFileType = sourcecode.swift; path = MainViewController.swift; sourceTree = "<group>"; };
		4B2426A223E9894000884573 /* EditProfileViewController.swift */ = {isa = PBXFileReference; lastKnownFileType = sourcecode.swift; path = EditProfileViewController.swift; sourceTree = "<group>"; };
		4B2426A423E98B7300884573 /* SurveysTableViewController.swift */ = {isa = PBXFileReference; lastKnownFileType = sourcecode.swift; path = SurveysTableViewController.swift; sourceTree = "<group>"; };
		4B2426A623E98BB800884573 /* ResponsesTableViewController.swift */ = {isa = PBXFileReference; lastKnownFileType = sourcecode.swift; path = ResponsesTableViewController.swift; sourceTree = "<group>"; };
		4B2426A823E98C5300884573 /* EditResponseViewController.swift */ = {isa = PBXFileReference; lastKnownFileType = sourcecode.swift; path = EditResponseViewController.swift; sourceTree = "<group>"; };
		4B3285D823EB1A4000481A96 /* SurveyTableViewCell.swift */ = {isa = PBXFileReference; lastKnownFileType = sourcecode.swift; path = SurveyTableViewCell.swift; sourceTree = "<group>"; };
		4B3285DA23EB1A5F00481A96 /* ResponseTableViewCell.swift */ = {isa = PBXFileReference; lastKnownFileType = sourcecode.swift; path = ResponseTableViewCell.swift; sourceTree = "<group>"; };
		4B3285DF23EB1BCD00481A96 /* CustomQuery+CoreDataClass.swift */ = {isa = PBXFileReference; lastKnownFileType = sourcecode.swift; path = "CustomQuery+CoreDataClass.swift"; sourceTree = "<group>"; };
		4B3285E323EB250000481A96 /* CustomQuery+CoreDataProperties.swift */ = {isa = PBXFileReference; lastKnownFileType = sourcecode.swift; path = "CustomQuery+CoreDataProperties.swift"; sourceTree = "<group>"; };
		4BA403F423EC8FF900ED41E6 /* ReachabilityObserverDelegate.swift */ = {isa = PBXFileReference; lastKnownFileType = sourcecode.swift; path = ReachabilityObserverDelegate.swift; sourceTree = "<group>"; };
		4BD3830223EC15EB0041C702 /* SurveyRepo.swift */ = {isa = PBXFileReference; lastKnownFileType = sourcecode.swift; path = SurveyRepo.swift; sourceTree = "<group>"; };
		4BD3830423EC1C420041C702 /* Constants.swift */ = {isa = PBXFileReference; lastKnownFileType = sourcecode.swift; path = Constants.swift; sourceTree = "<group>"; };
		4BD3830623EC3F470041C702 /* RxAlamofireTests.swift */ = {isa = PBXFileReference; lastKnownFileType = sourcecode.swift; path = RxAlamofireTests.swift; sourceTree = "<group>"; };
		4BD3830923EC42D70041C702 /* Response.swift */ = {isa = PBXFileReference; lastKnownFileType = sourcecode.swift; path = Response.swift; sourceTree = "<group>"; };
		6212FE8D4C8BBC7DE76AD8C3 /* Pods_MyFeedback_MyFeedbackUITests.framework */ = {isa = PBXFileReference; explicitFileType = wrapper.framework; includeInIndex = 0; path = Pods_MyFeedback_MyFeedbackUITests.framework; sourceTree = BUILT_PRODUCTS_DIR; };
		98275C613C48139158A8A6A1 /* Pods-MyFeedbackTests.release.xcconfig */ = {isa = PBXFileReference; includeInIndex = 1; lastKnownFileType = text.xcconfig; name = "Pods-MyFeedbackTests.release.xcconfig"; path = "Target Support Files/Pods-MyFeedbackTests/Pods-MyFeedbackTests.release.xcconfig"; sourceTree = "<group>"; };
		AF9F5B4617D6E923F7DE7F23 /* Pods-MyFeedback.debug.xcconfig */ = {isa = PBXFileReference; includeInIndex = 1; lastKnownFileType = text.xcconfig; name = "Pods-MyFeedback.debug.xcconfig"; path = "Target Support Files/Pods-MyFeedback/Pods-MyFeedback.debug.xcconfig"; sourceTree = "<group>"; };
		B8065CAE61F43C15BC9E9F15 /* Pods-MyFeedback.release.xcconfig */ = {isa = PBXFileReference; includeInIndex = 1; lastKnownFileType = text.xcconfig; name = "Pods-MyFeedback.release.xcconfig"; path = "Target Support Files/Pods-MyFeedback/Pods-MyFeedback.release.xcconfig"; sourceTree = "<group>"; };
/* End PBXFileReference section */

/* Begin PBXFrameworksBuildPhase section */
		4B01B05323E8663E00BD33CD /* Frameworks */ = {
			isa = PBXFrameworksBuildPhase;
			buildActionMask = 2147483647;
			files = (
				EED37E319A3CAF082561EC82 /* Pods_MyFeedback.framework in Frameworks */,
			);
			runOnlyForDeploymentPostprocessing = 0;
		};
		4B01B06E23E8664200BD33CD /* Frameworks */ = {
			isa = PBXFrameworksBuildPhase;
			buildActionMask = 2147483647;
			files = (
				2ED224E8925D37CA2517FB8E /* Pods_MyFeedbackTests.framework in Frameworks */,
			);
			runOnlyForDeploymentPostprocessing = 0;
		};
		4B01B07923E8664200BD33CD /* Frameworks */ = {
			isa = PBXFrameworksBuildPhase;
			buildActionMask = 2147483647;
			files = (
				8B2D32D2E1C2CDFD749F9D3F /* Pods_MyFeedback_MyFeedbackUITests.framework in Frameworks */,
			);
			runOnlyForDeploymentPostprocessing = 0;
		};
/* End PBXFrameworksBuildPhase section */

/* Begin PBXGroup section */
		4B01B04D23E8663E00BD33CD = {
			isa = PBXGroup;
			children = (
				4B01B05823E8663E00BD33CD /* MyFeedback */,
				4B01B07423E8664200BD33CD /* MyFeedbackTests */,
				4B01B07F23E8664200BD33CD /* MyFeedbackUITests */,
				4B01B05723E8663E00BD33CD /* Products */,
				CE5A7202D305A69CD79656E5 /* Pods */,
				A430B5746CCECB7031A48956 /* Frameworks */,
			);
			sourceTree = "<group>";
		};
		4B01B05723E8663E00BD33CD /* Products */ = {
			isa = PBXGroup;
			children = (
				4B01B05623E8663E00BD33CD /* MyFeedback.app */,
				4B01B07123E8664200BD33CD /* MyFeedbackTests.xctest */,
				4B01B07C23E8664200BD33CD /* MyFeedbackUITests.xctest */,
			);
			name = Products;
			sourceTree = "<group>";
		};
		4B01B05823E8663E00BD33CD /* MyFeedback */ = {
			isa = PBXGroup;
			children = (
				4BA403F323EC88DA00ED41E6 /* Utils */,
				4BD3830823EC42C00041C702 /* Models */,
				4B01B05923E8663E00BD33CD /* AppDelegate.swift */,
				4B01B06723E8664200BD33CD /* Assets.xcassets */,
				4B3285D723EB1A1A00481A96 /* Cell */,
				4B0C5EB023E9CCC700660781 /* Data */,
				4B01B06C23E8664200BD33CD /* Info.plist */,
				4B01B06923E8664200BD33CD /* LaunchScreen.storyboard */,
				4B01B06123E8663E00BD33CD /* Main.storyboard */,
				4B01B05B23E8663E00BD33CD /* SceneDelegate.swift */,
				4B3285DC23EB1A7300481A96 /* ViewController */,
				4BD3830423EC1C420041C702 /* Constants.swift */,
			);
			path = MyFeedback;
			sourceTree = "<group>";
		};
		4B01B07423E8664200BD33CD /* MyFeedbackTests */ = {
			isa = PBXGroup;
			children = (
				4B01B07523E8664200BD33CD /* MyFeedbackTests.swift */,
				4B01B07723E8664200BD33CD /* Info.plist */,
				4BD3830623EC3F470041C702 /* RxAlamofireTests.swift */,
			);
			path = MyFeedbackTests;
			sourceTree = "<group>";
		};
		4B01B07F23E8664200BD33CD /* MyFeedbackUITests */ = {
			isa = PBXGroup;
			children = (
				4B01B08023E8664200BD33CD /* MyFeedbackUITests.swift */,
				4B01B08223E8664300BD33CD /* Info.plist */,
			);
			path = MyFeedbackUITests;
			sourceTree = "<group>";
		};
		4B0C5EB023E9CCC700660781 /* Data */ = {
			isa = PBXGroup;
			children = (
				4BD3830223EC15EB0041C702 /* SurveyRepo.swift */,
				4B3285E323EB250000481A96 /* CustomQuery+CoreDataProperties.swift */,
				4B3285DF23EB1BCD00481A96 /* CustomQuery+CoreDataClass.swift */,
				4B0C5EB823E9CE4600660781 /* User+CoreDataClass.swift */,
				4B0C5EB923E9CE4600660781 /* User+CoreDataProperties.swift */,
				4B01B06423E8663E00BD33CD /* MyFeedback.xcdatamodeld */,
			);
			path = Data;
			sourceTree = "<group>";
		};
		4B3285D723EB1A1A00481A96 /* Cell */ = {
			isa = PBXGroup;
			children = (
				4B3285D823EB1A4000481A96 /* SurveyTableViewCell.swift */,
				4B3285DA23EB1A5F00481A96 /* ResponseTableViewCell.swift */,
			);
			path = Cell;
			sourceTree = "<group>";
		};
		4B3285DC23EB1A7300481A96 /* ViewController */ = {
			isa = PBXGroup;
			children = (
				4B2426A223E9894000884573 /* EditProfileViewController.swift */,
				4B2426A823E98C5300884573 /* EditResponseViewController.swift */,
				4B0C5EBC23E9E6CF00660781 /* MainViewController.swift */,
				4B01B05F23E8663E00BD33CD /* ProfileViewController.swift */,
				4B2426A623E98BB800884573 /* ResponsesTableViewController.swift */,
				4B2426A423E98B7300884573 /* SurveysTableViewController.swift */,
			);
			path = ViewController;
			sourceTree = "<group>";
		};
		4BA403F323EC88DA00ED41E6 /* Utils */ = {
			isa = PBXGroup;
			children = (
				4BA403F423EC8FF900ED41E6 /* ReachabilityObserverDelegate.swift */,
			);
			path = Utils;
			sourceTree = "<group>";
		};
		4BD3830823EC42C00041C702 /* Models */ = {
			isa = PBXGroup;
			children = (
				4BD3830923EC42D70041C702 /* Response.swift */,
			);
			path = Models;
			sourceTree = "<group>";
		};
		A430B5746CCECB7031A48956 /* Frameworks */ = {
			isa = PBXGroup;
			children = (
				1EE5718666C7F6F547CA5D82 /* Pods_MyFeedback.framework */,
				6212FE8D4C8BBC7DE76AD8C3 /* Pods_MyFeedback_MyFeedbackUITests.framework */,
				177F898B407048850AFF21EB /* Pods_MyFeedbackTests.framework */,
			);
			name = Frameworks;
			sourceTree = "<group>";
		};
		CE5A7202D305A69CD79656E5 /* Pods */ = {
			isa = PBXGroup;
			children = (
				AF9F5B4617D6E923F7DE7F23 /* Pods-MyFeedback.debug.xcconfig */,
				B8065CAE61F43C15BC9E9F15 /* Pods-MyFeedback.release.xcconfig */,
				29B974E64A3D072D9240DC52 /* Pods-MyFeedback-MyFeedbackUITests.debug.xcconfig */,
				019435C25BCB3D2AEB918052 /* Pods-MyFeedback-MyFeedbackUITests.release.xcconfig */,
				2BF9202D9D142B554E24FB34 /* Pods-MyFeedbackTests.debug.xcconfig */,
				98275C613C48139158A8A6A1 /* Pods-MyFeedbackTests.release.xcconfig */,
			);
			path = Pods;
			sourceTree = "<group>";
		};
/* End PBXGroup section */

/* Begin PBXNativeTarget section */
		4B01B05523E8663E00BD33CD /* MyFeedback */ = {
			isa = PBXNativeTarget;
			buildConfigurationList = 4B01B08523E8664300BD33CD /* Build configuration list for PBXNativeTarget "MyFeedback" */;
			buildPhases = (
				3D0A66DA5520DB46FB8AB08E /* [CP] Check Pods Manifest.lock */,
				4B01B05223E8663E00BD33CD /* Sources */,
				4B01B05323E8663E00BD33CD /* Frameworks */,
				4B01B05423E8663E00BD33CD /* Resources */,
				6007E0EAF0D2731C5C566CCC /* [CP] Embed Pods Frameworks */,
			);
			buildRules = (
			);
			dependencies = (
			);
			name = MyFeedback;
			productName = MyFeedback;
			productReference = 4B01B05623E8663E00BD33CD /* MyFeedback.app */;
			productType = "com.apple.product-type.application";
		};
		4B01B07023E8664200BD33CD /* MyFeedbackTests */ = {
			isa = PBXNativeTarget;
			buildConfigurationList = 4B01B08823E8664300BD33CD /* Build configuration list for PBXNativeTarget "MyFeedbackTests" */;
			buildPhases = (
				A56B14ACB7C388BC79B0EA9A /* [CP] Check Pods Manifest.lock */,
				4B01B06D23E8664200BD33CD /* Sources */,
				4B01B06E23E8664200BD33CD /* Frameworks */,
				4B01B06F23E8664200BD33CD /* Resources */,
			);
			buildRules = (
			);
			dependencies = (
				4B01B07323E8664200BD33CD /* PBXTargetDependency */,
			);
			name = MyFeedbackTests;
			productName = MyFeedbackTests;
			productReference = 4B01B07123E8664200BD33CD /* MyFeedbackTests.xctest */;
			productType = "com.apple.product-type.bundle.unit-test";
		};
		4B01B07B23E8664200BD33CD /* MyFeedbackUITests */ = {
			isa = PBXNativeTarget;
			buildConfigurationList = 4B01B08B23E8664300BD33CD /* Build configuration list for PBXNativeTarget "MyFeedbackUITests" */;
			buildPhases = (
				7CF931A01BEC71AB7D84DD2E /* [CP] Check Pods Manifest.lock */,
				4B01B07823E8664200BD33CD /* Sources */,
				4B01B07923E8664200BD33CD /* Frameworks */,
				4B01B07A23E8664200BD33CD /* Resources */,
				B5B6E00B3EDD5F2E3540EC0D /* [CP] Embed Pods Frameworks */,
			);
			buildRules = (
			);
			dependencies = (
				4B01B07E23E8664200BD33CD /* PBXTargetDependency */,
			);
			name = MyFeedbackUITests;
			productName = MyFeedbackUITests;
			productReference = 4B01B07C23E8664200BD33CD /* MyFeedbackUITests.xctest */;
			productType = "com.apple.product-type.bundle.ui-testing";
		};
/* End PBXNativeTarget section */

/* Begin PBXProject section */
		4B01B04E23E8663E00BD33CD /* Project object */ = {
			isa = PBXProject;
			attributes = {
				LastSwiftUpdateCheck = 1130;
				LastUpgradeCheck = 1130;
				ORGANIZATIONNAME = "Francis Ngunjiri";
				TargetAttributes = {
					4B01B05523E8663E00BD33CD = {
						CreatedOnToolsVersion = 11.3.1;
					};
					4B01B07023E8664200BD33CD = {
						CreatedOnToolsVersion = 11.3.1;
						TestTargetID = 4B01B05523E8663E00BD33CD;
					};
					4B01B07B23E8664200BD33CD = {
						CreatedOnToolsVersion = 11.3.1;
						TestTargetID = 4B01B05523E8663E00BD33CD;
					};
				};
			};
			buildConfigurationList = 4B01B05123E8663E00BD33CD /* Build configuration list for PBXProject "MyFeedback" */;
			compatibilityVersion = "Xcode 9.3";
			developmentRegion = en;
			hasScannedForEncodings = 0;
			knownRegions = (
				en,
				Base,
			);
			mainGroup = 4B01B04D23E8663E00BD33CD;
			productRefGroup = 4B01B05723E8663E00BD33CD /* Products */;
			projectDirPath = "";
			projectRoot = "";
			targets = (
				4B01B05523E8663E00BD33CD /* MyFeedback */,
				4B01B07023E8664200BD33CD /* MyFeedbackTests */,
				4B01B07B23E8664200BD33CD /* MyFeedbackUITests */,
			);
		};
/* End PBXProject section */

/* Begin PBXResourcesBuildPhase section */
		4B01B05423E8663E00BD33CD /* Resources */ = {
			isa = PBXResourcesBuildPhase;
			buildActionMask = 2147483647;
			files = (
				4B01B06B23E8664200BD33CD /* LaunchScreen.storyboard in Resources */,
				4B01B06823E8664200BD33CD /* Assets.xcassets in Resources */,
				4B01B06323E8663E00BD33CD /* Main.storyboard in Resources */,
			);
			runOnlyForDeploymentPostprocessing = 0;
		};
		4B01B06F23E8664200BD33CD /* Resources */ = {
			isa = PBXResourcesBuildPhase;
			buildActionMask = 2147483647;
			files = (
			);
			runOnlyForDeploymentPostprocessing = 0;
		};
		4B01B07A23E8664200BD33CD /* Resources */ = {
			isa = PBXResourcesBuildPhase;
			buildActionMask = 2147483647;
			files = (
			);
			runOnlyForDeploymentPostprocessing = 0;
		};
/* End PBXResourcesBuildPhase section */

/* Begin PBXShellScriptBuildPhase section */
		3D0A66DA5520DB46FB8AB08E /* [CP] Check Pods Manifest.lock */ = {
			isa = PBXShellScriptBuildPhase;
			buildActionMask = 2147483647;
			files = (
			);
			inputFileListPaths = (
			);
			inputPaths = (
				"${PODS_PODFILE_DIR_PATH}/Podfile.lock",
				"${PODS_ROOT}/Manifest.lock",
			);
			name = "[CP] Check Pods Manifest.lock";
			outputFileListPaths = (
			);
			outputPaths = (
				"$(DERIVED_FILE_DIR)/Pods-MyFeedback-checkManifestLockResult.txt",
			);
			runOnlyForDeploymentPostprocessing = 0;
			shellPath = /bin/sh;
			shellScript = "diff \"${PODS_PODFILE_DIR_PATH}/Podfile.lock\" \"${PODS_ROOT}/Manifest.lock\" > /dev/null\nif [ $? != 0 ] ; then\n    # print error to STDERR\n    echo \"error: The sandbox is not in sync with the Podfile.lock. Run 'pod install' or update your CocoaPods installation.\" >&2\n    exit 1\nfi\n# This output is used by Xcode 'outputs' to avoid re-running this script phase.\necho \"SUCCESS\" > \"${SCRIPT_OUTPUT_FILE_0}\"\n";
			showEnvVarsInLog = 0;
		};
		6007E0EAF0D2731C5C566CCC /* [CP] Embed Pods Frameworks */ = {
			isa = PBXShellScriptBuildPhase;
			buildActionMask = 2147483647;
			files = (
			);
			inputFileListPaths = (
				"${PODS_ROOT}/Target Support Files/Pods-MyFeedback/Pods-MyFeedback-frameworks-${CONFIGURATION}-input-files.xcfilelist",
			);
			name = "[CP] Embed Pods Frameworks";
			outputFileListPaths = (
				"${PODS_ROOT}/Target Support Files/Pods-MyFeedback/Pods-MyFeedback-frameworks-${CONFIGURATION}-output-files.xcfilelist",
			);
			runOnlyForDeploymentPostprocessing = 0;
			shellPath = /bin/sh;
			shellScript = "\"${PODS_ROOT}/Target Support Files/Pods-MyFeedback/Pods-MyFeedback-frameworks.sh\"\n";
			showEnvVarsInLog = 0;
		};
		7CF931A01BEC71AB7D84DD2E /* [CP] Check Pods Manifest.lock */ = {
			isa = PBXShellScriptBuildPhase;
			buildActionMask = 2147483647;
			files = (
			);
			inputFileListPaths = (
			);
			inputPaths = (
				"${PODS_PODFILE_DIR_PATH}/Podfile.lock",
				"${PODS_ROOT}/Manifest.lock",
			);
			name = "[CP] Check Pods Manifest.lock";
			outputFileListPaths = (
			);
			outputPaths = (
				"$(DERIVED_FILE_DIR)/Pods-MyFeedback-MyFeedbackUITests-checkManifestLockResult.txt",
			);
			runOnlyForDeploymentPostprocessing = 0;
			shellPath = /bin/sh;
			shellScript = "diff \"${PODS_PODFILE_DIR_PATH}/Podfile.lock\" \"${PODS_ROOT}/Manifest.lock\" > /dev/null\nif [ $? != 0 ] ; then\n    # print error to STDERR\n    echo \"error: The sandbox is not in sync with the Podfile.lock. Run 'pod install' or update your CocoaPods installation.\" >&2\n    exit 1\nfi\n# This output is used by Xcode 'outputs' to avoid re-running this script phase.\necho \"SUCCESS\" > \"${SCRIPT_OUTPUT_FILE_0}\"\n";
			showEnvVarsInLog = 0;
		};
		A56B14ACB7C388BC79B0EA9A /* [CP] Check Pods Manifest.lock */ = {
			isa = PBXShellScriptBuildPhase;
			buildActionMask = 2147483647;
			files = (
			);
			inputFileListPaths = (
			);
			inputPaths = (
				"${PODS_PODFILE_DIR_PATH}/Podfile.lock",
				"${PODS_ROOT}/Manifest.lock",
			);
			name = "[CP] Check Pods Manifest.lock";
			outputFileListPaths = (
			);
			outputPaths = (
				"$(DERIVED_FILE_DIR)/Pods-MyFeedbackTests-checkManifestLockResult.txt",
			);
			runOnlyForDeploymentPostprocessing = 0;
			shellPath = /bin/sh;
			shellScript = "diff \"${PODS_PODFILE_DIR_PATH}/Podfile.lock\" \"${PODS_ROOT}/Manifest.lock\" > /dev/null\nif [ $? != 0 ] ; then\n    # print error to STDERR\n    echo \"error: The sandbox is not in sync with the Podfile.lock. Run 'pod install' or update your CocoaPods installation.\" >&2\n    exit 1\nfi\n# This output is used by Xcode 'outputs' to avoid re-running this script phase.\necho \"SUCCESS\" > \"${SCRIPT_OUTPUT_FILE_0}\"\n";
			showEnvVarsInLog = 0;
		};
		B5B6E00B3EDD5F2E3540EC0D /* [CP] Embed Pods Frameworks */ = {
			isa = PBXShellScriptBuildPhase;
			buildActionMask = 2147483647;
			files = (
			);
			inputFileListPaths = (
				"${PODS_ROOT}/Target Support Files/Pods-MyFeedback-MyFeedbackUITests/Pods-MyFeedback-MyFeedbackUITests-frameworks-${CONFIGURATION}-input-files.xcfilelist",
			);
			name = "[CP] Embed Pods Frameworks";
			outputFileListPaths = (
				"${PODS_ROOT}/Target Support Files/Pods-MyFeedback-MyFeedbackUITests/Pods-MyFeedback-MyFeedbackUITests-frameworks-${CONFIGURATION}-output-files.xcfilelist",
			);
			runOnlyForDeploymentPostprocessing = 0;
			shellPath = /bin/sh;
			shellScript = "\"${PODS_ROOT}/Target Support Files/Pods-MyFeedback-MyFeedbackUITests/Pods-MyFeedback-MyFeedbackUITests-frameworks.sh\"\n";
			showEnvVarsInLog = 0;
		};
/* End PBXShellScriptBuildPhase section */

/* Begin PBXSourcesBuildPhase section */
		4B01B05223E8663E00BD33CD /* Sources */ = {
			isa = PBXSourcesBuildPhase;
			buildActionMask = 2147483647;
			files = (
				4B2426A523E98B7300884573 /* SurveysTableViewController.swift in Sources */,
				4BD3830523EC1C420041C702 /* Constants.swift in Sources */,
				4B0C5EBD23E9E6CF00660781 /* MainViewController.swift in Sources */,
				4B01B06623E8663E00BD33CD /* MyFeedback.xcdatamodeld in Sources */,
				4BD3830A23EC42D70041C702 /* Response.swift in Sources */,
				4B01B06023E8663E00BD33CD /* ProfileViewController.swift in Sources */,
				4B2426A723E98BB800884573 /* ResponsesTableViewController.swift in Sources */,
				4B01B05A23E8663E00BD33CD /* AppDelegate.swift in Sources */,
				4B0C5EBA23E9CE4600660781 /* User+CoreDataClass.swift in Sources */,
				4B2426A323E9894000884573 /* EditProfileViewController.swift in Sources */,
				4B3285DB23EB1A5F00481A96 /* ResponseTableViewCell.swift in Sources */,
				4B3285E123EB1BCD00481A96 /* CustomQuery+CoreDataClass.swift in Sources */,
				4BA403F523EC8FF900ED41E6 /* ReachabilityObserverDelegate.swift in Sources */,
				4B2426A923E98C5300884573 /* EditResponseViewController.swift in Sources */,
				4B3285D923EB1A4000481A96 /* SurveyTableViewCell.swift in Sources */,
				4B0C5EBB23E9CE4600660781 /* User+CoreDataProperties.swift in Sources */,
				4B01B05C23E8663E00BD33CD /* SceneDelegate.swift in Sources */,
				4B3285E423EB250000481A96 /* CustomQuery+CoreDataProperties.swift in Sources */,
				4BD3830323EC15EB0041C702 /* SurveyRepo.swift in Sources */,
			);
			runOnlyForDeploymentPostprocessing = 0;
		};
		4B01B06D23E8664200BD33CD /* Sources */ = {
			isa = PBXSourcesBuildPhase;
			buildActionMask = 2147483647;
			files = (
				4BD3830723EC3F470041C702 /* RxAlamofireTests.swift in Sources */,
				4B01B07623E8664200BD33CD /* MyFeedbackTests.swift in Sources */,
			);
			runOnlyForDeploymentPostprocessing = 0;
		};
		4B01B07823E8664200BD33CD /* Sources */ = {
			isa = PBXSourcesBuildPhase;
			buildActionMask = 2147483647;
			files = (
				4B01B08123E8664200BD33CD /* MyFeedbackUITests.swift in Sources */,
			);
			runOnlyForDeploymentPostprocessing = 0;
		};
/* End PBXSourcesBuildPhase section */

/* Begin PBXTargetDependency section */
		4B01B07323E8664200BD33CD /* PBXTargetDependency */ = {
			isa = PBXTargetDependency;
			target = 4B01B05523E8663E00BD33CD /* MyFeedback */;
			targetProxy = 4B01B07223E8664200BD33CD /* PBXContainerItemProxy */;
		};
		4B01B07E23E8664200BD33CD /* PBXTargetDependency */ = {
			isa = PBXTargetDependency;
			target = 4B01B05523E8663E00BD33CD /* MyFeedback */;
			targetProxy = 4B01B07D23E8664200BD33CD /* PBXContainerItemProxy */;
		};
/* End PBXTargetDependency section */

/* Begin PBXVariantGroup section */
		4B01B06123E8663E00BD33CD /* Main.storyboard */ = {
			isa = PBXVariantGroup;
			children = (
				4B01B06223E8663E00BD33CD /* Base */,
			);
			name = Main.storyboard;
			sourceTree = "<group>";
		};
		4B01B06923E8664200BD33CD /* LaunchScreen.storyboard */ = {
			isa = PBXVariantGroup;
			children = (
				4B01B06A23E8664200BD33CD /* Base */,
			);
			name = LaunchScreen.storyboard;
			sourceTree = "<group>";
		};
/* End PBXVariantGroup section */

/* Begin XCBuildConfiguration section */
		4B01B08323E8664300BD33CD /* Debug */ = {
			isa = XCBuildConfiguration;
			buildSettings = {
				ALWAYS_SEARCH_USER_PATHS = NO;
				CLANG_ANALYZER_NONNULL = YES;
				CLANG_ANALYZER_NUMBER_OBJECT_CONVERSION = YES_AGGRESSIVE;
				CLANG_CXX_LANGUAGE_STANDARD = "gnu++14";
				CLANG_CXX_LIBRARY = "libc++";
				CLANG_ENABLE_MODULES = YES;
				CLANG_ENABLE_OBJC_ARC = YES;
				CLANG_ENABLE_OBJC_WEAK = YES;
				CLANG_WARN_BLOCK_CAPTURE_AUTORELEASING = YES;
				CLANG_WARN_BOOL_CONVERSION = YES;
				CLANG_WARN_COMMA = YES;
				CLANG_WARN_CONSTANT_CONVERSION = YES;
				CLANG_WARN_DEPRECATED_OBJC_IMPLEMENTATIONS = YES;
				CLANG_WARN_DIRECT_OBJC_ISA_USAGE = YES_ERROR;
				CLANG_WARN_DOCUMENTATION_COMMENTS = YES;
				CLANG_WARN_EMPTY_BODY = YES;
				CLANG_WARN_ENUM_CONVERSION = YES;
				CLANG_WARN_INFINITE_RECURSION = YES;
				CLANG_WARN_INT_CONVERSION = YES;
				CLANG_WARN_NON_LITERAL_NULL_CONVERSION = YES;
				CLANG_WARN_OBJC_IMPLICIT_RETAIN_SELF = YES;
				CLANG_WARN_OBJC_LITERAL_CONVERSION = YES;
				CLANG_WARN_OBJC_ROOT_CLASS = YES_ERROR;
				CLANG_WARN_RANGE_LOOP_ANALYSIS = YES;
				CLANG_WARN_STRICT_PROTOTYPES = YES;
				CLANG_WARN_SUSPICIOUS_MOVE = YES;
				CLANG_WARN_UNGUARDED_AVAILABILITY = YES_AGGRESSIVE;
				CLANG_WARN_UNREACHABLE_CODE = YES;
				CLANG_WARN__DUPLICATE_METHOD_MATCH = YES;
				COPY_PHASE_STRIP = NO;
				DEBUG_INFORMATION_FORMAT = dwarf;
				ENABLE_STRICT_OBJC_MSGSEND = YES;
				ENABLE_TESTABILITY = YES;
				GCC_C_LANGUAGE_STANDARD = gnu11;
				GCC_DYNAMIC_NO_PIC = NO;
				GCC_NO_COMMON_BLOCKS = YES;
				GCC_OPTIMIZATION_LEVEL = 0;
				GCC_PREPROCESSOR_DEFINITIONS = (
					"DEBUG=1",
					"$(inherited)",
				);
				GCC_WARN_64_TO_32_BIT_CONVERSION = YES;
				GCC_WARN_ABOUT_RETURN_TYPE = YES_ERROR;
				GCC_WARN_UNDECLARED_SELECTOR = YES;
				GCC_WARN_UNINITIALIZED_AUTOS = YES_AGGRESSIVE;
				GCC_WARN_UNUSED_FUNCTION = YES;
				GCC_WARN_UNUSED_VARIABLE = YES;
				IPHONEOS_DEPLOYMENT_TARGET = 13.2;
				MTL_ENABLE_DEBUG_INFO = INCLUDE_SOURCE;
				MTL_FAST_MATH = YES;
				ONLY_ACTIVE_ARCH = YES;
				SDKROOT = iphoneos;
				SWIFT_ACTIVE_COMPILATION_CONDITIONS = DEBUG;
				SWIFT_OPTIMIZATION_LEVEL = "-Onone";
			};
			name = Debug;
		};
		4B01B08423E8664300BD33CD /* Release */ = {
			isa = XCBuildConfiguration;
			buildSettings = {
				ALWAYS_SEARCH_USER_PATHS = NO;
				CLANG_ANALYZER_NONNULL = YES;
				CLANG_ANALYZER_NUMBER_OBJECT_CONVERSION = YES_AGGRESSIVE;
				CLANG_CXX_LANGUAGE_STANDARD = "gnu++14";
				CLANG_CXX_LIBRARY = "libc++";
				CLANG_ENABLE_MODULES = YES;
				CLANG_ENABLE_OBJC_ARC = YES;
				CLANG_ENABLE_OBJC_WEAK = YES;
				CLANG_WARN_BLOCK_CAPTURE_AUTORELEASING = YES;
				CLANG_WARN_BOOL_CONVERSION = YES;
				CLANG_WARN_COMMA = YES;
				CLANG_WARN_CONSTANT_CONVERSION = YES;
				CLANG_WARN_DEPRECATED_OBJC_IMPLEMENTATIONS = YES;
				CLANG_WARN_DIRECT_OBJC_ISA_USAGE = YES_ERROR;
				CLANG_WARN_DOCUMENTATION_COMMENTS = YES;
				CLANG_WARN_EMPTY_BODY = YES;
				CLANG_WARN_ENUM_CONVERSION = YES;
				CLANG_WARN_INFINITE_RECURSION = YES;
				CLANG_WARN_INT_CONVERSION = YES;
				CLANG_WARN_NON_LITERAL_NULL_CONVERSION = YES;
				CLANG_WARN_OBJC_IMPLICIT_RETAIN_SELF = YES;
				CLANG_WARN_OBJC_LITERAL_CONVERSION = YES;
				CLANG_WARN_OBJC_ROOT_CLASS = YES_ERROR;
				CLANG_WARN_RANGE_LOOP_ANALYSIS = YES;
				CLANG_WARN_STRICT_PROTOTYPES = YES;
				CLANG_WARN_SUSPICIOUS_MOVE = YES;
				CLANG_WARN_UNGUARDED_AVAILABILITY = YES_AGGRESSIVE;
				CLANG_WARN_UNREACHABLE_CODE = YES;
				CLANG_WARN__DUPLICATE_METHOD_MATCH = YES;
				COPY_PHASE_STRIP = NO;
				DEBUG_INFORMATION_FORMAT = "dwarf-with-dsym";
				ENABLE_NS_ASSERTIONS = NO;
				ENABLE_STRICT_OBJC_MSGSEND = YES;
				GCC_C_LANGUAGE_STANDARD = gnu11;
				GCC_NO_COMMON_BLOCKS = YES;
				GCC_WARN_64_TO_32_BIT_CONVERSION = YES;
				GCC_WARN_ABOUT_RETURN_TYPE = YES_ERROR;
				GCC_WARN_UNDECLARED_SELECTOR = YES;
				GCC_WARN_UNINITIALIZED_AUTOS = YES_AGGRESSIVE;
				GCC_WARN_UNUSED_FUNCTION = YES;
				GCC_WARN_UNUSED_VARIABLE = YES;
				IPHONEOS_DEPLOYMENT_TARGET = 13.2;
				MTL_ENABLE_DEBUG_INFO = NO;
				MTL_FAST_MATH = YES;
				SDKROOT = iphoneos;
				SWIFT_COMPILATION_MODE = wholemodule;
				SWIFT_OPTIMIZATION_LEVEL = "-O";
				VALIDATE_PRODUCT = YES;
			};
			name = Release;
		};
		4B01B08623E8664300BD33CD /* Debug */ = {
			isa = XCBuildConfiguration;
			baseConfigurationReference = AF9F5B4617D6E923F7DE7F23 /* Pods-MyFeedback.debug.xcconfig */;
			buildSettings = {
				ASSETCATALOG_COMPILER_APPICON_NAME = AppIcon;
				CODE_SIGN_STYLE = Automatic;
				DEVELOPMENT_TEAM = EW2322F9F6;
				INFOPLIST_FILE = MyFeedback/Info.plist;
				LD_RUNPATH_SEARCH_PATHS = (
					"$(inherited)",
					"@executable_path/Frameworks",
				);
				PRODUCT_BUNDLE_IDENTIFIER = mystique.com.MyFeedback;
				PRODUCT_NAME = "$(TARGET_NAME)";
				SWIFT_VERSION = 5.0;
				TARGETED_DEVICE_FAMILY = "1,2";
			};
			name = Debug;
		};
		4B01B08723E8664300BD33CD /* Release */ = {
			isa = XCBuildConfiguration;
			baseConfigurationReference = B8065CAE61F43C15BC9E9F15 /* Pods-MyFeedback.release.xcconfig */;
			buildSettings = {
				ASSETCATALOG_COMPILER_APPICON_NAME = AppIcon;
				CODE_SIGN_STYLE = Automatic;
				DEVELOPMENT_TEAM = EW2322F9F6;
				INFOPLIST_FILE = MyFeedback/Info.plist;
				LD_RUNPATH_SEARCH_PATHS = (
					"$(inherited)",
					"@executable_path/Frameworks",
				);
				PRODUCT_BUNDLE_IDENTIFIER = mystique.com.MyFeedback;
				PRODUCT_NAME = "$(TARGET_NAME)";
				SWIFT_VERSION = 5.0;
				TARGETED_DEVICE_FAMILY = "1,2";
			};
			name = Release;
		};
		4B01B08923E8664300BD33CD /* Debug */ = {
			isa = XCBuildConfiguration;
			baseConfigurationReference = 2BF9202D9D142B554E24FB34 /* Pods-MyFeedbackTests.debug.xcconfig */;
			buildSettings = {
				ALWAYS_EMBED_SWIFT_STANDARD_LIBRARIES = YES;
				BUNDLE_LOADER = "$(TEST_HOST)";
				CODE_SIGN_STYLE = Automatic;
				DEVELOPMENT_TEAM = EW2322F9F6;
				INFOPLIST_FILE = MyFeedbackTests/Info.plist;
				IPHONEOS_DEPLOYMENT_TARGET = 13.2;
				LD_RUNPATH_SEARCH_PATHS = (
					"$(inherited)",
					"@executable_path/Frameworks",
					"@loader_path/Frameworks",
				);
				PRODUCT_BUNDLE_IDENTIFIER = mystique.com.MyFeedbackTests;
				PRODUCT_NAME = "$(TARGET_NAME)";
				SWIFT_VERSION = 5.0;
				TARGETED_DEVICE_FAMILY = "1,2";
				TEST_HOST = "$(BUILT_PRODUCTS_DIR)/MyFeedback.app/MyFeedback";
			};
			name = Debug;
		};
		4B01B08A23E8664300BD33CD /* Release */ = {
			isa = XCBuildConfiguration;
			baseConfigurationReference = 98275C613C48139158A8A6A1 /* Pods-MyFeedbackTests.release.xcconfig */;
			buildSettings = {
				ALWAYS_EMBED_SWIFT_STANDARD_LIBRARIES = YES;
				BUNDLE_LOADER = "$(TEST_HOST)";
				CODE_SIGN_STYLE = Automatic;
				DEVELOPMENT_TEAM = EW2322F9F6;
				INFOPLIST_FILE = MyFeedbackTests/Info.plist;
				IPHONEOS_DEPLOYMENT_TARGET = 13.2;
				LD_RUNPATH_SEARCH_PATHS = (
					"$(inherited)",
					"@executable_path/Frameworks",
					"@loader_path/Frameworks",
				);
				PRODUCT_BUNDLE_IDENTIFIER = mystique.com.MyFeedbackTests;
				PRODUCT_NAME = "$(TARGET_NAME)";
				SWIFT_VERSION = 5.0;
				TARGETED_DEVICE_FAMILY = "1,2";
				TEST_HOST = "$(BUILT_PRODUCTS_DIR)/MyFeedback.app/MyFeedback";
			};
			name = Release;
		};
		4B01B08C23E8664300BD33CD /* Debug */ = {
			isa = XCBuildConfiguration;
			baseConfigurationReference = 29B974E64A3D072D9240DC52 /* Pods-MyFeedback-MyFeedbackUITests.debug.xcconfig */;
			buildSettings = {
				ALWAYS_EMBED_SWIFT_STANDARD_LIBRARIES = YES;
				CODE_SIGN_STYLE = Automatic;
				DEVELOPMENT_TEAM = EW2322F9F6;
				INFOPLIST_FILE = MyFeedbackUITests/Info.plist;
				LD_RUNPATH_SEARCH_PATHS = (
					"$(inherited)",
					"@executable_path/Frameworks",
					"@loader_path/Frameworks",
				);
				PRODUCT_BUNDLE_IDENTIFIER = mystique.com.MyFeedbackUITests;
				PRODUCT_NAME = "$(TARGET_NAME)";
				SWIFT_VERSION = 5.0;
				TARGETED_DEVICE_FAMILY = "1,2";
				TEST_TARGET_NAME = MyFeedback;
			};
			name = Debug;
		};
		4B01B08D23E8664300BD33CD /* Release */ = {
			isa = XCBuildConfiguration;
			baseConfigurationReference = 019435C25BCB3D2AEB918052 /* Pods-MyFeedback-MyFeedbackUITests.release.xcconfig */;
			buildSettings = {
				ALWAYS_EMBED_SWIFT_STANDARD_LIBRARIES = YES;
				CODE_SIGN_STYLE = Automatic;
				DEVELOPMENT_TEAM = EW2322F9F6;
				INFOPLIST_FILE = MyFeedbackUITests/Info.plist;
				LD_RUNPATH_SEARCH_PATHS = (
					"$(inherited)",
					"@executable_path/Frameworks",
					"@loader_path/Frameworks",
				);
				PRODUCT_BUNDLE_IDENTIFIER = mystique.com.MyFeedbackUITests;
				PRODUCT_NAME = "$(TARGET_NAME)";
				SWIFT_VERSION = 5.0;
				TARGETED_DEVICE_FAMILY = "1,2";
				TEST_TARGET_NAME = MyFeedback;
			};
			name = Release;
		};
/* End XCBuildConfiguration section */

/* Begin XCConfigurationList section */
		4B01B05123E8663E00BD33CD /* Build configuration list for PBXProject "MyFeedback" */ = {
			isa = XCConfigurationList;
			buildConfigurations = (
				4B01B08323E8664300BD33CD /* Debug */,
				4B01B08423E8664300BD33CD /* Release */,
			);
			defaultConfigurationIsVisible = 0;
			defaultConfigurationName = Release;
		};
		4B01B08523E8664300BD33CD /* Build configuration list for PBXNativeTarget "MyFeedback" */ = {
			isa = XCConfigurationList;
			buildConfigurations = (
				4B01B08623E8664300BD33CD /* Debug */,
				4B01B08723E8664300BD33CD /* Release */,
			);
			defaultConfigurationIsVisible = 0;
			defaultConfigurationName = Release;
		};
		4B01B08823E8664300BD33CD /* Build configuration list for PBXNativeTarget "MyFeedbackTests" */ = {
			isa = XCConfigurationList;
			buildConfigurations = (
				4B01B08923E8664300BD33CD /* Debug */,
				4B01B08A23E8664300BD33CD /* Release */,
			);
			defaultConfigurationIsVisible = 0;
			defaultConfigurationName = Release;
		};
		4B01B08B23E8664300BD33CD /* Build configuration list for PBXNativeTarget "MyFeedbackUITests" */ = {
			isa = XCConfigurationList;
			buildConfigurations = (
				4B01B08C23E8664300BD33CD /* Debug */,
				4B01B08D23E8664300BD33CD /* Release */,
			);
			defaultConfigurationIsVisible = 0;
			defaultConfigurationName = Release;
		};
/* End XCConfigurationList section */

/* Begin XCVersionGroup section */
		4B01B06423E8663E00BD33CD /* MyFeedback.xcdatamodeld */ = {
			isa = XCVersionGroup;
			children = (
				4B01B06523E8663E00BD33CD /* MyFeedback.xcdatamodel */,
			);
			currentVersion = 4B01B06523E8663E00BD33CD /* MyFeedback.xcdatamodel */;
			path = MyFeedback.xcdatamodeld;
			sourceTree = "<group>";
			versionGroupType = wrapper.xcdatamodel;
		};
/* End XCVersionGroup section */
	};
	rootObject = 4B01B04E23E8663E00BD33CD /* Project object */;
}
